
Microsoft Visual Studio Solution File, Format Version 12.00
# Visual Studio 2013
VisualStudioVersion = 12.0.40629.0
MinimumVisualStudioVersion = 10.0.40219.1
Project("{FAE04EC0-301F-11D3-BF4B-00C04F79EFBC}") = "MNJvWeb", "MNJvWeb\MNJvWeb.csproj", "{5C752D2E-30DE-4B1B-8890-63CC2FE1A611}"
EndProject
Project("{FAE04EC0-301F-11D3-BF4B-00C04F79EFBC}") = "MNJvWeb.Model", "MNJvWeb.Model\MNJvWeb.Model.csproj", "{FF226699-C87D-4BE9-8543-72A105E5E4FC}"
EndProject
Global
	GlobalSection(SolutionConfigurationPlatforms) = preSolution
		Debug|Any CPU = Debug|Any CPU
		Release|Any CPU = Release|Any CPU
	EndGlobalSection
	GlobalSection(ProjectConfigurationPlatforms) = postSolution
		{5C752D2E-30DE-4B1B-8890-63CC2FE1A611}.Debug|Any CPU.ActiveCfg = Debug|Any CPU
		{5C752D2E-30DE-4B1B-8890-63CC2FE1A611}.Debug|Any CPU.Build.0 = Debug|Any CPU
		{5C752D2E-30DE-4B1B-8890-63CC2FE1A611}.Release|Any CPU.ActiveCfg = Release|Any CPU
		{5C752D2E-30DE-4B1B-8890-63CC2FE1A611}.Release|Any CPU.Build.0 = Release|Any CPU
		{FF226699-C87D-4BE9-8543-72A105E5E4FC}.Debug|Any CPU.ActiveCfg = Debug|Any CPU
		{FF226699-C87D-4BE9-8543-72A105E5E4FC}.Debug|Any CPU.Build.0 = Debug|Any CPU
		{FF226699-C87D-4BE9-8543-72A105E5E4FC}.Release|Any CPU.ActiveCfg = Release|Any CPU
		{FF226699-C87D-4BE9-8543-72A105E5E4FC}.Release|Any CPU.Build.0 = Release|Any CPU
	EndGlobalSection
	GlobalSection(SolutionProperties) = preSolution
		HideSolutionNode = FALSE
	EndGlobalSection
EndGlobal
